
Microsoft Visual Studio Solution File, Format Version 12.00
# Visual Studio Version 17
VisualStudioVersion = 17.7.34024.191
MinimumVisualStudioVersion = 10.0.40219.1
Project("{9A19103F-16F7-4668-BE54-9A1E7A4F7556}") = "CoinGameHelper.Server", "CoinGameHelper\Server\CoinGameHelper.Server.csproj", "{EC5EA7AC-0775-4749-B5AB-A3DE6BB9F2A1}"
EndProject
Project("{9A19103F-16F7-4668-BE54-9A1E7A4F7556}") = "CoinGameHelper.Client", "CoinGameHelper\Client\CoinGameHelper.Client.csproj", "{F75FB20E-1710-4CA7-BA87-C604895BDE64}"
EndProject
Project("{9A19103F-16F7-4668-BE54-9A1E7A4F7556}") = "CoinGameHelper.Console", "CoinGameHelper\Console\CoinGameHelper.Console.csproj", "{61564B04-AB75-49CF-BFB2-DCC45A508677}"
EndProject
Project("{9A19103F-16F7-4668-BE54-9A1E7A4F7556}") = "CoinGameHelper.Base", "CoinGameHelper\Base\CoinGameHelper.Base.csproj", "{9E64CD3F-1CF9-4642-9315-07908A904292}"
EndProject
Global
	GlobalSection(SolutionConfigurationPlatforms) = preSolution
		Debug|Any CPU = Debug|Any CPU
		Release|Any CPU = Release|Any CPU
	EndGlobalSection
	GlobalSection(ProjectConfigurationPlatforms) = postSolution
		{EC5EA7AC-0775-4749-B5AB-A3DE6BB9F2A1}.Debug|Any CPU.ActiveCfg = Debug|Any CPU
		{EC5EA7AC-0775-4749-B5AB-A3DE6BB9F2A1}.Debug|Any CPU.Build.0 = Debug|Any CPU
		{EC5EA7AC-0775-4749-B5AB-A3DE6BB9F2A1}.Release|Any CPU.ActiveCfg = Release|Any CPU
		{EC5EA7AC-0775-4749-B5AB-A3DE6BB9F2A1}.Release|Any CPU.Build.0 = Release|Any CPU
		{F75FB20E-1710-4CA7-BA87-C604895BDE64}.Debug|Any CPU.ActiveCfg = Debug|Any CPU
		{F75FB20E-1710-4CA7-BA87-C604895BDE64}.Debug|Any CPU.Build.0 = Debug|Any CPU
		{F75FB20E-1710-4CA7-BA87-C604895BDE64}.Release|Any CPU.ActiveCfg = Release|Any CPU
		{F75FB20E-1710-4CA7-BA87-C604895BDE64}.Release|Any CPU.Build.0 = Release|Any CPU
		{61564B04-AB75-49CF-BFB2-DCC45A508677}.Debug|Any CPU.ActiveCfg = Debug|Any CPU
		{61564B04-AB75-49CF-BFB2-DCC45A508677}.Debug|Any CPU.Build.0 = Debug|Any CPU
		{61564B04-AB75-49CF-BFB2-DCC45A508677}.Release|Any CPU.ActiveCfg = Release|Any CPU
		{61564B04-AB75-49CF-BFB2-DCC45A508677}.Release|Any CPU.Build.0 = Release|Any CPU
		{9E64CD3F-1CF9-4642-9315-07908A904292}.Debug|Any CPU.ActiveCfg = Debug|Any CPU
		{9E64CD3F-1CF9-4642-9315-07908A904292}.Debug|Any CPU.Build.0 = Debug|Any CPU
		{9E64CD3F-1CF9-4642-9315-07908A904292}.Release|Any CPU.ActiveCfg = Release|Any CPU
		{9E64CD3F-1CF9-4642-9315-07908A904292}.Release|Any CPU.Build.0 = Release|Any CPU
	EndGlobalSection
	GlobalSection(SolutionProperties) = preSolution
		HideSolutionNode = FALSE
	EndGlobalSection
	GlobalSection(ExtensibilityGlobals) = postSolution
		SolutionGuid = {C3F07DC3-091F-4BC4-BCF5-68637877A654}
	EndGlobalSection
EndGlobal
